
Microsoft Visual Studio Solution File, Format Version 12.00
# Visual Studio Version 17
VisualStudioVersion = 17.7.34024.191
MinimumVisualStudioVersion = 10.0.40219.1
Project("{FAE04EC0-301F-11D3-BF4B-00C04F79EFBC}") = "Library", "Library\Library.csproj", "{9C1CE0F4-C765-4225-9CC0-88D03B54912E}"
EndProject
Project("{FAE04EC0-301F-11D3-BF4B-00C04F79EFBC}") = "API Library", "API Library\API Library.csproj", "{AFD1A031-8355-4569-9B50-2D7187C09CDF}"
EndProject
Global
	GlobalSection(SolutionConfigurationPlatforms) = preSolution
		Debug|Any CPU = Debug|Any CPU
		Release|Any CPU = Release|Any CPU
	EndGlobalSection
	GlobalSection(ProjectConfigurationPlatforms) = postSolution
		{9C1CE0F4-C765-4225-9CC0-88D03B54912E}.Debug|Any CPU.ActiveCfg = Debug|Any CPU
		{9C1CE0F4-C765-4225-9CC0-88D03B54912E}.Debug|Any CPU.Build.0 = Debug|Any CPU
		{9C1CE0F4-C765-4225-9CC0-88D03B54912E}.Release|Any CPU.ActiveCfg = Release|Any CPU
		{9C1CE0F4-C765-4225-9CC0-88D03B54912E}.Release|Any CPU.Build.0 = Release|Any CPU
		{AFD1A031-8355-4569-9B50-2D7187C09CDF}.Debug|Any CPU.ActiveCfg = Debug|Any CPU
		{AFD1A031-8355-4569-9B50-2D7187C09CDF}.Debug|Any CPU.Build.0 = Debug|Any CPU
		{AFD1A031-8355-4569-9B50-2D7187C09CDF}.Release|Any CPU.ActiveCfg = Release|Any CPU
		{AFD1A031-8355-4569-9B50-2D7187C09CDF}.Release|Any CPU.Build.0 = Release|Any CPU
	EndGlobalSection
	GlobalSection(SolutionProperties) = preSolution
		HideSolutionNode = FALSE
	EndGlobalSection
	GlobalSection(ExtensibilityGlobals) = postSolution
		SolutionGuid = {74B58C2D-4EDF-49F7-BEFB-47991FD47FA2}
	EndGlobalSection
EndGlobal
